# THIS IS AN AUTOGENERATED FILE. DO NOT EDIT THIS FILE DIRECTLY.
# yarn lockfile v1


tree-sitter-cli@^0.16.5:
  version "0.16.5"
  resolved "https://registry.yarnpkg.com/tree-sitter-cli/-/tree-sitter-cli-0.16.5.tgz#69510d50046da721b4a1e55c8e0e410068c15d3d"
  integrity sha512-758kas02AmfLdjsyIlsAMuSmsWpwNFu7ljTcffPxt2Lm00pV+0TW6xFjZCI9MYurB3ghTFjv/hLeRyb3IzJH4Q==
